<?xml version="1.0" encoding="UTF-8"?>
<Scheme
   LastUpgradeVersion = "1600"
   version = "1.7">
   <BuildAction
      parallelizeBuildables = "YES"
      buildImplicitDependencies = "YES"
      buildArchitectures = "Automatic">
      <BuildActionEntries>
         <BuildActionEntry
            buildForTesting = "YES"
            buildForRunning = "YES"
            buildForProfiling = "YES"
            buildForArchiving = "YES"
            buildForAnalyzing = "YES">
            <BuildableReference
               BuildableIdentifier = "primary"
               BlueprintIdentifier = "53FF326C2CA1B22000173230"
               BuildableName = "MovieShelf.app"
               BlueprintName = "MovieShelf"
               ReferencedContainer = "container:MovieShelf.xcodeproj">
            </BuildableReference>
         </BuildActionEntry>
      </BuildActionEntries>
   </BuildAction>
   <TestAction
      buildConfiguration = "Debug"
      selectedDebuggerIdentifier = "Xcode.DebuggerFoundation.Debugger.LLDB"
      selectedLauncherIdentifier = "Xcode.DebuggerFoundation.Launcher.LLDB"
      shouldUseLaunchSchemeArgsEnv = "YES"
      shouldAutocreateTestPlan = "YES">
      <Testables>
         <TestableReference
            skipped = "NO"
            parallelizable = "YES">
            <BuildableReference
               BuildableIdentifier = "primary"
               BlueprintIdentifier = "53FF327C2CA1B22100173230"
               BuildableName = "MovieShelfTests.xctest"
               BlueprintName = "MovieShelfTests"
               ReferencedContainer = "container:MovieShelf.xcodeproj">
            </BuildableReference>
         </TestableReference>
         <TestableReference
            skipped = "NO"
            parallelizable = "YES">
            <BuildableReference
               BuildableIdentifier = "primary"
               BlueprintIdentifier = "53FF32862CA1B22100173230"
               BuildableName = "MovieShelfUITests.xctest"
               BlueprintName = "MovieShelfUITests"
               ReferencedContainer = "container:MovieShelf.xcodeproj">
            </BuildableReference>
         </TestableReference>
      </Testables>
   </TestAction>
   <LaunchAction
      buildConfiguration = "Debug"
      selectedDebuggerIdentifier = "Xcode.DebuggerFoundation.Debugger.LLDB"
      selectedLauncherIdentifier = "Xcode.DebuggerFoundation.Launcher.LLDB"
      launchStyle = "0"
      useCustomWorkingDirectory = "NO"
      ignoresPersistentStateOnLaunch = "NO"
      debugDocumentVersioning = "YES"
      debugServiceExtension = "internal"
      allowLocationSimulation = "YES">
      <BuildableProductRunnable
         runnableDebuggingMode = "0">
         <BuildableReference
            BuildableIdentifier = "primary"
            BlueprintIdentifier = "53FF326C2CA1B22000173230"
            BuildableName = "MovieShelf.app"
            BlueprintName = "MovieShelf"
            ReferencedContainer = "container:MovieShelf.xcodeproj">
         </BuildableReference>
      </BuildableProductRunnable>
      <EnvironmentVariables>
         <EnvironmentVariable
            key = "BASE_URL"
            value = "https://api.themoviedb.org/3"
            isEnabled = "YES">
         </EnvironmentVariable>
         <EnvironmentVariable
            key = "TMDB_API_KEY"
            value = "eyJhbGciOiJIUzI1NiJ9.eyJhdWQiOiIzZWVlODUwYmE5NTg4ODAyY2RjZWJiN2MzZTNjNmQ2MyIsIm5iZiI6MTcyNzE5ODIzNi42NDIyMTQsInN1YiI6IjY2NTFiNWE0MDJmMjk0Zjc1MTI2ZjBjYSIsInNjb3BlcyI6WyJhcGlfcmVhZCJdLCJ2ZXJzaW9uIjoxfQ.kDXpL7Jfku1ufRZaeJ-jKtrC7ghDsd52QFpO24qEr-Q"
            isEnabled = "YES">
         </EnvironmentVariable>
      </EnvironmentVariables>
   </LaunchAction>
   <ProfileAction
      buildConfiguration = "Release"
      shouldUseLaunchSchemeArgsEnv = "YES"
      savedToolIdentifier = ""
      useCustomWorkingDirectory = "NO"
      debugDocumentVersioning = "YES">
      <BuildableProductRunnable
         runnableDebuggingMode = "0">
         <BuildableReference
            BuildableIdentifier = "primary"
            BlueprintIdentifier = "53FF326C2CA1B22000173230"
            BuildableName = "MovieShelf.app"
            BlueprintName = "MovieShelf"
            ReferencedContainer = "container:MovieShelf.xcodeproj">
         </BuildableReference>
      </BuildableProductRunnable>
   </ProfileAction>
   <AnalyzeAction
      buildConfiguration = "Debug">
   </AnalyzeAction>
   <ArchiveAction
      buildConfiguration = "Release"
      revealArchiveInOrganizer = "YES">
   </ArchiveAction>
</Scheme>
